
Microsoft Visual Studio Solution File, Format Version 12.00
# Visual Studio 14
VisualStudioVersion = 14.0.25420.1
MinimumVisualStudioVersion = 10.0.40219.1
Project("{FAE04EC0-301F-11D3-BF4B-00C04F79EFBC}") = "HelpdeskDAL", "HelpdeskDAL\HelpdeskDAL.csproj", "{0E147D33-5F28-456F-9A8C-A199E5C36AAA}"
EndProject
Project("{FAE04EC0-301F-11D3-BF4B-00C04F79EFBC}") = "Case1UnitTests", "Case1UnitTests\Case1UnitTests.csproj", "{9DFDB3B6-BF0B-42DA-9F45-48202793DE5D}"
EndProject
Project("{FAE04EC0-301F-11D3-BF4B-00C04F79EFBC}") = "HelpdeskViewModels", "HelpdeskViewModels\HelpdeskViewModels.csproj", "{187EE02D-CAB8-4F51-AA58-676E18FB4C0F}"
EndProject
Global
	GlobalSection(SolutionConfigurationPlatforms) = preSolution
		Debug|Any CPU = Debug|Any CPU
		Release|Any CPU = Release|Any CPU
	EndGlobalSection
	GlobalSection(ProjectConfigurationPlatforms) = postSolution
		{0E147D33-5F28-456F-9A8C-A199E5C36AAA}.Debug|Any CPU.ActiveCfg = Debug|Any CPU
		{0E147D33-5F28-456F-9A8C-A199E5C36AAA}.Debug|Any CPU.Build.0 = Debug|Any CPU
		{0E147D33-5F28-456F-9A8C-A199E5C36AAA}.Release|Any CPU.ActiveCfg = Release|Any CPU
		{0E147D33-5F28-456F-9A8C-A199E5C36AAA}.Release|Any CPU.Build.0 = Release|Any CPU
		{9DFDB3B6-BF0B-42DA-9F45-48202793DE5D}.Debug|Any CPU.ActiveCfg = Debug|Any CPU
		{9DFDB3B6-BF0B-42DA-9F45-48202793DE5D}.Debug|Any CPU.Build.0 = Debug|Any CPU
		{9DFDB3B6-BF0B-42DA-9F45-48202793DE5D}.Release|Any CPU.ActiveCfg = Release|Any CPU
		{9DFDB3B6-BF0B-42DA-9F45-48202793DE5D}.Release|Any CPU.Build.0 = Release|Any CPU
		{187EE02D-CAB8-4F51-AA58-676E18FB4C0F}.Debug|Any CPU.ActiveCfg = Debug|Any CPU
		{187EE02D-CAB8-4F51-AA58-676E18FB4C0F}.Debug|Any CPU.Build.0 = Debug|Any CPU
		{187EE02D-CAB8-4F51-AA58-676E18FB4C0F}.Release|Any CPU.ActiveCfg = Release|Any CPU
		{187EE02D-CAB8-4F51-AA58-676E18FB4C0F}.Release|Any CPU.Build.0 = Release|Any CPU
	EndGlobalSection
	GlobalSection(SolutionProperties) = preSolution
		HideSolutionNode = FALSE
	EndGlobalSection
EndGlobal
